
Microsoft Visual Studio Solution File, Format Version 12.00
# Visual Studio Version 17
VisualStudioVersion = 17.5.001.0
MinimumVisualStudioVersion = 10.0.40219.1
Project("{9A19103F-16F7-4668-BE54-9A1E7A4F7556}") = "ProjektStrukturieren", "ProjektStrukturieren.csproj", "{FD59E3F5-838D-4863-8A72-0D4253AC46D9}"
EndProject
Global
	GlobalSection(SolutionConfigurationPlatforms) = preSolution
		Debug|Any CPU = Debug|Any CPU
		Release|Any CPU = Release|Any CPU
	EndGlobalSection
	GlobalSection(ProjectConfigurationPlatforms) = postSolution
		{FD59E3F5-838D-4863-8A72-0D4253AC46D9}.Debug|Any CPU.ActiveCfg = Debug|Any CPU
		{FD59E3F5-838D-4863-8A72-0D4253AC46D9}.Debug|Any CPU.Build.0 = Debug|Any CPU
		{FD59E3F5-838D-4863-8A72-0D4253AC46D9}.Release|Any CPU.ActiveCfg = Release|Any CPU
		{FD59E3F5-838D-4863-8A72-0D4253AC46D9}.Release|Any CPU.Build.0 = Release|Any CPU
	EndGlobalSection
	GlobalSection(SolutionProperties) = preSolution
		HideSolutionNode = FALSE
	EndGlobalSection
	GlobalSection(ExtensibilityGlobals) = postSolution
		SolutionGuid = {B2FC085A-4A00-4765-A4BA-2DBCC1BB8288}
	EndGlobalSection
EndGlobal
